
Microsoft Visual Studio Solution File, Format Version 12.00
# Visual Studio Version 17
VisualStudioVersion = 17.4.33213.308
MinimumVisualStudioVersion = 10.0.40219.1
Project("{9A19103F-16F7-4668-BE54-9A1E7A4F7556}") = "GetTrivia", "GetTrivia\GetTrivia.csproj", "{E57FE0CF-30DF-40A9-B259-608D2CB25571}"
EndProject
Project("{FAE04EC0-301F-11D3-BF4B-00C04F79EFBC}") = "GetTrivia.Main", "GetTrivia.Main\GetTrivia.Main.csproj", "{9AE784D6-A89F-4303-834C-09EE6E615E72}"
EndProject
Global
	GlobalSection(SolutionConfigurationPlatforms) = preSolution
		Debug|Any CPU = Debug|Any CPU
		Release|Any CPU = Release|Any CPU
	EndGlobalSection
	GlobalSection(ProjectConfigurationPlatforms) = postSolution
		{E57FE0CF-30DF-40A9-B259-608D2CB25571}.Debug|Any CPU.ActiveCfg = Debug|Any CPU
		{E57FE0CF-30DF-40A9-B259-608D2CB25571}.Debug|Any CPU.Build.0 = Debug|Any CPU
		{E57FE0CF-30DF-40A9-B259-608D2CB25571}.Release|Any CPU.ActiveCfg = Release|Any CPU
		{E57FE0CF-30DF-40A9-B259-608D2CB25571}.Release|Any CPU.Build.0 = Release|Any CPU
		{9AE784D6-A89F-4303-834C-09EE6E615E72}.Debug|Any CPU.ActiveCfg = Debug|Any CPU
		{9AE784D6-A89F-4303-834C-09EE6E615E72}.Debug|Any CPU.Build.0 = Debug|Any CPU
		{9AE784D6-A89F-4303-834C-09EE6E615E72}.Release|Any CPU.ActiveCfg = Release|Any CPU
		{9AE784D6-A89F-4303-834C-09EE6E615E72}.Release|Any CPU.Build.0 = Release|Any CPU
	EndGlobalSection
	GlobalSection(SolutionProperties) = preSolution
		HideSolutionNode = FALSE
	EndGlobalSection
	GlobalSection(ExtensibilityGlobals) = postSolution
		SolutionGuid = {E83C5EB6-1C41-41F8-A63E-0D148E26466A}
	EndGlobalSection
EndGlobal
