
Microsoft Visual Studio Solution File, Format Version 12.00
# Visual Studio Version 17
VisualStudioVersion = 17.4.33213.308
MinimumVisualStudioVersion = 10.0.40219.1
Project("{9A19103F-16F7-4668-BE54-9A1E7A4F7556}") = "HIOF.Net.V2023.GetTriviaService", "GetTrivia\HIOF.Net.V2023.GetTriviaService.csproj", "{E57FE0CF-30DF-40A9-B259-608D2CB25571}"
EndProject
Project("{9A19103F-16F7-4668-BE54-9A1E7A4F7556}") = "HIOF.Net.V2023.GetTrivia.ConsoleService", "GetTrivia.Main\HIOF.Net.V2023.GetTrivia.ConsoleService.csproj", "{9AE784D6-A89F-4303-834C-09EE6E615E72}"
EndProject
Project("{9A19103F-16F7-4668-BE54-9A1E7A4F7556}") = "HIOF.Net.V2023.DatabaseService", "HIOF.Net.V2023.DatabaseService\HIOF.Net.V2023.DatabaseService.csproj", "{8EB4F96E-DDA1-44A6-B141-0E642D9CE846}"
EndProject
Project("{9A19103F-16F7-4668-BE54-9A1E7A4F7556}") = "HIOF.Net.V2023.DatabaseService.Data", "HIOF.Net.V2023.DatabaseService.Data\HIOF.Net.V2023.DatabaseService.Data.csproj", "{E589EEE7-44E5-42B0-8FE4-2FE8A59C679B}"
EndProject
Project("{FAE04EC0-301F-11D3-BF4B-00C04F79EFBC}") = "HIOF.Net.V2023.NotificationService", "NotificationService\HIOF.Net.V2023.NotificationService.csproj", "{0CFF819C-7FB6-414C-9F24-FDC5FEAD7691}"
EndProject
Project("{FAE04EC0-301F-11D3-BF4B-00C04F79EFBC}") = "HIOF.Net.V2023.WebApp", "HIOF.Net.V2023.WebApp\HIOF.Net.V2023.WebApp.csproj", "{DDD509F5-1262-4E5D-89C2-3DED2D03AD3F}"
	ProjectSection(ProjectDependencies) = postProject
		{9AE784D6-A89F-4303-834C-09EE6E615E72} = {9AE784D6-A89F-4303-834C-09EE6E615E72}
	EndProjectSection
EndProject
Global
	GlobalSection(SolutionConfigurationPlatforms) = preSolution
		Debug|Any CPU = Debug|Any CPU
		Release|Any CPU = Release|Any CPU
	EndGlobalSection
	GlobalSection(ProjectConfigurationPlatforms) = postSolution
		{E57FE0CF-30DF-40A9-B259-608D2CB25571}.Debug|Any CPU.ActiveCfg = Debug|Any CPU
		{E57FE0CF-30DF-40A9-B259-608D2CB25571}.Debug|Any CPU.Build.0 = Debug|Any CPU
		{E57FE0CF-30DF-40A9-B259-608D2CB25571}.Release|Any CPU.ActiveCfg = Release|Any CPU
		{E57FE0CF-30DF-40A9-B259-608D2CB25571}.Release|Any CPU.Build.0 = Release|Any CPU
		{9AE784D6-A89F-4303-834C-09EE6E615E72}.Debug|Any CPU.ActiveCfg = Debug|Any CPU
		{9AE784D6-A89F-4303-834C-09EE6E615E72}.Debug|Any CPU.Build.0 = Debug|Any CPU
		{9AE784D6-A89F-4303-834C-09EE6E615E72}.Release|Any CPU.ActiveCfg = Release|Any CPU
		{9AE784D6-A89F-4303-834C-09EE6E615E72}.Release|Any CPU.Build.0 = Release|Any CPU
		{8EB4F96E-DDA1-44A6-B141-0E642D9CE846}.Debug|Any CPU.ActiveCfg = Debug|Any CPU
		{8EB4F96E-DDA1-44A6-B141-0E642D9CE846}.Debug|Any CPU.Build.0 = Debug|Any CPU
		{8EB4F96E-DDA1-44A6-B141-0E642D9CE846}.Release|Any CPU.ActiveCfg = Release|Any CPU
		{8EB4F96E-DDA1-44A6-B141-0E642D9CE846}.Release|Any CPU.Build.0 = Release|Any CPU
		{E589EEE7-44E5-42B0-8FE4-2FE8A59C679B}.Debug|Any CPU.ActiveCfg = Debug|Any CPU
		{E589EEE7-44E5-42B0-8FE4-2FE8A59C679B}.Debug|Any CPU.Build.0 = Debug|Any CPU
		{E589EEE7-44E5-42B0-8FE4-2FE8A59C679B}.Release|Any CPU.ActiveCfg = Release|Any CPU
		{E589EEE7-44E5-42B0-8FE4-2FE8A59C679B}.Release|Any CPU.Build.0 = Release|Any CPU
		{0CFF819C-7FB6-414C-9F24-FDC5FEAD7691}.Debug|Any CPU.ActiveCfg = Debug|Any CPU
		{0CFF819C-7FB6-414C-9F24-FDC5FEAD7691}.Debug|Any CPU.Build.0 = Debug|Any CPU
		{0CFF819C-7FB6-414C-9F24-FDC5FEAD7691}.Release|Any CPU.ActiveCfg = Release|Any CPU
		{0CFF819C-7FB6-414C-9F24-FDC5FEAD7691}.Release|Any CPU.Build.0 = Release|Any CPU
		{DDD509F5-1262-4E5D-89C2-3DED2D03AD3F}.Debug|Any CPU.ActiveCfg = Debug|Any CPU
		{DDD509F5-1262-4E5D-89C2-3DED2D03AD3F}.Debug|Any CPU.Build.0 = Debug|Any CPU
		{DDD509F5-1262-4E5D-89C2-3DED2D03AD3F}.Release|Any CPU.ActiveCfg = Release|Any CPU
		{DDD509F5-1262-4E5D-89C2-3DED2D03AD3F}.Release|Any CPU.Build.0 = Release|Any CPU
	EndGlobalSection
	GlobalSection(SolutionProperties) = preSolution
		HideSolutionNode = FALSE
	EndGlobalSection
	GlobalSection(ExtensibilityGlobals) = postSolution
		SolutionGuid = {E83C5EB6-1C41-41F8-A63E-0D148E26466A}
	EndGlobalSection
EndGlobal
